
Microsoft Visual Studio Solution File, Format Version 12.00
# Visual Studio Version 17
VisualStudioVersion = 17.9.34723.18
MinimumVisualStudioVersion = 10.0.40219.1
Project("{888888A0-9F3D-457C-B088-3A5042F75D52}") = "String_space", "String_space\String_space.pyproj", "{AE073C62-2484-4823-9686-E2FEE4F2F6B2}"
EndProject
Global
	GlobalSection(SolutionConfigurationPlatforms) = preSolution
		Debug|Any CPU = Debug|Any CPU
		Release|Any CPU = Release|Any CPU
	EndGlobalSection
	GlobalSection(ProjectConfigurationPlatforms) = postSolution
		{AE073C62-2484-4823-9686-E2FEE4F2F6B2}.Debug|Any CPU.ActiveCfg = Debug|Any CPU
		{AE073C62-2484-4823-9686-E2FEE4F2F6B2}.Release|Any CPU.ActiveCfg = Release|Any CPU
	EndGlobalSection
	GlobalSection(SolutionProperties) = preSolution
		HideSolutionNode = FALSE
	EndGlobalSection
	GlobalSection(ExtensibilityGlobals) = postSolution
		SolutionGuid = {C2FDF943-D50F-4C71-A5DC-E03962DE0FBA}
	EndGlobalSection
EndGlobal
